
Microsoft Visual Studio Solution File, Format Version 12.00
# Visual Studio 2012
Project("{FAE04EC0-301F-11D3-BF4B-00C04F79EFBC}") = "Owen.Site.Host", "Owen.Site.Host\Owen.Site.Host.csproj", "{1C30CF9D-C638-4CDD-B7A7-4FE853B1F462}"
EndProject
Project("{2150E333-8FDC-42A3-9474-1A3956D46DE8}") = "Service", "Service", "{109CB966-DB01-4578-B3AD-0BBFC8AB3177}"
EndProject
Project("{FAE04EC0-301F-11D3-BF4B-00C04F79EFBC}") = "Owen.Site.Services", "Owen.Site.Services\Owen.Site.Services.csproj", "{3157ED46-1955-406F-B4FF-8F9B4E44A947}"
EndProject
Project("{2150E333-8FDC-42A3-9474-1A3956D46DE8}") = "Main", "Main", "{42F437B7-9F8C-4405-9B29-D0C900080F12}"
EndProject
Project("{2150E333-8FDC-42A3-9474-1A3956D46DE8}") = "Core", "Core", "{54CAA085-0688-484F-B150-42E78158F538}"
EndProject
Project("{FAE04EC0-301F-11D3-BF4B-00C04F79EFBC}") = "Owen.Site.Core", "Owen.Site.Core\Owen.Site.Core.csproj", "{A91E66DE-0F3C-4868-ADE4-C32FC4552386}"
EndProject
Project("{FAE04EC0-301F-11D3-BF4B-00C04F79EFBC}") = "Owen.Site.Main.Service", "Owen.Site.Main.Service\Owen.Site.Main.Service.csproj", "{7DB72577-C893-4AF8-A498-7310CDBE4891}"
EndProject
Project("{FAE04EC0-301F-11D3-BF4B-00C04F79EFBC}") = "Owen.Site.Main.Service.Imp", "Owen.Site.Main.Service.Imp\Owen.Site.Main.Service.Imp.csproj", "{440DDFFF-DA11-4F1C-99F6-10F07B0A290F}"
EndProject
Project("{2150E333-8FDC-42A3-9474-1A3956D46DE8}") = "Model", "Model", "{FDA9790F-FB3B-4C87-90F0-711D3174090C}"
EndProject
Project("{2150E333-8FDC-42A3-9474-1A3956D46DE8}") = "Data", "Data", "{ECB867CB-B6EA-442B-B6E4-9B5BDA165721}"
EndProject
Project("{FAE04EC0-301F-11D3-BF4B-00C04F79EFBC}") = "Owen.Site.Model", "Owen.Site.Model\Owen.Site.Model.csproj", "{E8B94903-DEB7-406D-9461-3993372D20E3}"
EndProject
Project("{FAE04EC0-301F-11D3-BF4B-00C04F79EFBC}") = "Owen.Site.Data.Service", "Owen.Site.Data.Service\Owen.Site.Data.Service.csproj", "{127284EB-265B-4041-8244-9C520A1FFAF8}"
EndProject
Project("{FAE04EC0-301F-11D3-BF4B-00C04F79EFBC}") = "Owen.Site.Data.Service.Imp", "Owen.Site.Data.Service.Imp\Owen.Site.Data.Service.Imp.csproj", "{0D71C7F2-39AC-4B85-A3CF-4730A45C1912}"
EndProject
Project("{2150E333-8FDC-42A3-9474-1A3956D46DE8}") = "Tester", "Tester", "{FDE1CBF2-6F8E-4E92-87FC-9F827F8D2B38}"
EndProject
Project("{FAE04EC0-301F-11D3-BF4B-00C04F79EFBC}") = "Owen.Site.Data.Imp.Tester", "Owen.Site.Data.Imp.Tester\Owen.Site.Data.Imp.Tester.csproj", "{99CA7D19-1DCC-4303-AC94-04867546BFE2}"
EndProject
Global
	GlobalSection(SolutionConfigurationPlatforms) = preSolution
		Debug|Any CPU = Debug|Any CPU
		Release|Any CPU = Release|Any CPU
	EndGlobalSection
	GlobalSection(ProjectConfigurationPlatforms) = postSolution
		{1C30CF9D-C638-4CDD-B7A7-4FE853B1F462}.Debug|Any CPU.ActiveCfg = Debug|Any CPU
		{1C30CF9D-C638-4CDD-B7A7-4FE853B1F462}.Debug|Any CPU.Build.0 = Debug|Any CPU
		{1C30CF9D-C638-4CDD-B7A7-4FE853B1F462}.Release|Any CPU.ActiveCfg = Release|Any CPU
		{1C30CF9D-C638-4CDD-B7A7-4FE853B1F462}.Release|Any CPU.Build.0 = Release|Any CPU
		{3157ED46-1955-406F-B4FF-8F9B4E44A947}.Debug|Any CPU.ActiveCfg = Debug|Any CPU
		{3157ED46-1955-406F-B4FF-8F9B4E44A947}.Debug|Any CPU.Build.0 = Debug|Any CPU
		{3157ED46-1955-406F-B4FF-8F9B4E44A947}.Release|Any CPU.ActiveCfg = Release|Any CPU
		{3157ED46-1955-406F-B4FF-8F9B4E44A947}.Release|Any CPU.Build.0 = Release|Any CPU
		{A91E66DE-0F3C-4868-ADE4-C32FC4552386}.Debug|Any CPU.ActiveCfg = Debug|Any CPU
		{A91E66DE-0F3C-4868-ADE4-C32FC4552386}.Debug|Any CPU.Build.0 = Debug|Any CPU
		{A91E66DE-0F3C-4868-ADE4-C32FC4552386}.Release|Any CPU.ActiveCfg = Release|Any CPU
		{A91E66DE-0F3C-4868-ADE4-C32FC4552386}.Release|Any CPU.Build.0 = Release|Any CPU
		{7DB72577-C893-4AF8-A498-7310CDBE4891}.Debug|Any CPU.ActiveCfg = Debug|Any CPU
		{7DB72577-C893-4AF8-A498-7310CDBE4891}.Debug|Any CPU.Build.0 = Debug|Any CPU
		{7DB72577-C893-4AF8-A498-7310CDBE4891}.Release|Any CPU.ActiveCfg = Release|Any CPU
		{7DB72577-C893-4AF8-A498-7310CDBE4891}.Release|Any CPU.Build.0 = Release|Any CPU
		{440DDFFF-DA11-4F1C-99F6-10F07B0A290F}.Debug|Any CPU.ActiveCfg = Debug|Any CPU
		{440DDFFF-DA11-4F1C-99F6-10F07B0A290F}.Debug|Any CPU.Build.0 = Debug|Any CPU
		{440DDFFF-DA11-4F1C-99F6-10F07B0A290F}.Release|Any CPU.ActiveCfg = Release|Any CPU
		{440DDFFF-DA11-4F1C-99F6-10F07B0A290F}.Release|Any CPU.Build.0 = Release|Any CPU
		{E8B94903-DEB7-406D-9461-3993372D20E3}.Debug|Any CPU.ActiveCfg = Debug|Any CPU
		{E8B94903-DEB7-406D-9461-3993372D20E3}.Debug|Any CPU.Build.0 = Debug|Any CPU
		{E8B94903-DEB7-406D-9461-3993372D20E3}.Release|Any CPU.ActiveCfg = Release|Any CPU
		{E8B94903-DEB7-406D-9461-3993372D20E3}.Release|Any CPU.Build.0 = Release|Any CPU
		{127284EB-265B-4041-8244-9C520A1FFAF8}.Debug|Any CPU.ActiveCfg = Debug|Any CPU
		{127284EB-265B-4041-8244-9C520A1FFAF8}.Debug|Any CPU.Build.0 = Debug|Any CPU
		{127284EB-265B-4041-8244-9C520A1FFAF8}.Release|Any CPU.ActiveCfg = Release|Any CPU
		{127284EB-265B-4041-8244-9C520A1FFAF8}.Release|Any CPU.Build.0 = Release|Any CPU
		{0D71C7F2-39AC-4B85-A3CF-4730A45C1912}.Debug|Any CPU.ActiveCfg = Debug|Any CPU
		{0D71C7F2-39AC-4B85-A3CF-4730A45C1912}.Debug|Any CPU.Build.0 = Debug|Any CPU
		{0D71C7F2-39AC-4B85-A3CF-4730A45C1912}.Release|Any CPU.ActiveCfg = Release|Any CPU
		{0D71C7F2-39AC-4B85-A3CF-4730A45C1912}.Release|Any CPU.Build.0 = Release|Any CPU
		{99CA7D19-1DCC-4303-AC94-04867546BFE2}.Debug|Any CPU.ActiveCfg = Debug|Any CPU
		{99CA7D19-1DCC-4303-AC94-04867546BFE2}.Debug|Any CPU.Build.0 = Debug|Any CPU
		{99CA7D19-1DCC-4303-AC94-04867546BFE2}.Release|Any CPU.ActiveCfg = Release|Any CPU
		{99CA7D19-1DCC-4303-AC94-04867546BFE2}.Release|Any CPU.Build.0 = Release|Any CPU
	EndGlobalSection
	GlobalSection(SolutionProperties) = preSolution
		HideSolutionNode = FALSE
	EndGlobalSection
	GlobalSection(NestedProjects) = preSolution
		{1C30CF9D-C638-4CDD-B7A7-4FE853B1F462} = {109CB966-DB01-4578-B3AD-0BBFC8AB3177}
		{3157ED46-1955-406F-B4FF-8F9B4E44A947} = {109CB966-DB01-4578-B3AD-0BBFC8AB3177}
		{7DB72577-C893-4AF8-A498-7310CDBE4891} = {42F437B7-9F8C-4405-9B29-D0C900080F12}
		{440DDFFF-DA11-4F1C-99F6-10F07B0A290F} = {42F437B7-9F8C-4405-9B29-D0C900080F12}
		{A91E66DE-0F3C-4868-ADE4-C32FC4552386} = {54CAA085-0688-484F-B150-42E78158F538}
		{E8B94903-DEB7-406D-9461-3993372D20E3} = {FDA9790F-FB3B-4C87-90F0-711D3174090C}
		{127284EB-265B-4041-8244-9C520A1FFAF8} = {ECB867CB-B6EA-442B-B6E4-9B5BDA165721}
		{0D71C7F2-39AC-4B85-A3CF-4730A45C1912} = {ECB867CB-B6EA-442B-B6E4-9B5BDA165721}
		{99CA7D19-1DCC-4303-AC94-04867546BFE2} = {FDE1CBF2-6F8E-4E92-87FC-9F827F8D2B38}
	EndGlobalSection
EndGlobal
